{
  "name": "calendar",
  "lockfileVersion": 2,
  "requires": true,
  "packages": {
    "": {
      "dependencies": {
        "@popperjs/core": "^2.8.0",
        "fullcalendar": "^5.5.1",
        "fullcalendar-scheduler": "^5.5.1"
      }
    },
    "node_modules/@popperjs/core": {
      "version": "2.8.0",
      "resolved": "https://registry.npmjs.org/@popperjs/core/-/core-2.8.0.tgz",
      "integrity": "sha512-3/bHDejUVbncu7zbBpiIOAbl61i5XATrFQl7NMBtgls0PJjU7VKHvf8pvavNcXriZy2Qp0Gds39KyvBGGtZO4A==",
      "funding": {
        "type": "opencollective",
        "url": "https://opencollective.com/popperjs"
      }
    },
    "node_modules/fullcalendar": {
      "version": "5.5.1",
      "resolved": "https://registry.npmjs.org/fullcalendar/-/fullcalendar-5.5.1.tgz",
      "integrity": "sha512-QNo4RPm7uvboCkqFEANH0dvYidwlsDzQ4ErMHZjNwLnFOqm+StkIW1K5w82fEyOvznItwyAigrdkSCh2ZUd0JQ=="
    },
    "node_modules/fullcalendar-scheduler": {
      "version": "5.5.1",
      "resolved": "https://registry.npmjs.org/fullcalendar-scheduler/-/fullcalendar-scheduler-5.5.1.tgz",
      "integrity": "sha512-G8TOPuRbTyExwOCRGkqVCcWlvOFhfL/3vkzRijtHId48yf9JpomhhTqLNAXqYYBj2w07EGbXk0RpEhzKffeK9Q=="
    }
  },
  "dependencies": {
    "@popperjs/core": {
      "version": "2.8.0",
      "resolved": "https://registry.npmjs.org/@popperjs/core/-/core-2.8.0.tgz",
      "integrity": "sha512-3/bHDejUVbncu7zbBpiIOAbl61i5XATrFQl7NMBtgls0PJjU7VKHvf8pvavNcXriZy2Qp0Gds39KyvBGGtZO4A=="
    },
    "fullcalendar": {
      "version": "5.5.1",
      "resolved": "https://registry.npmjs.org/fullcalendar/-/fullcalendar-5.5.1.tgz",
      "integrity": "sha512-QNo4RPm7uvboCkqFEANH0dvYidwlsDzQ4ErMHZjNwLnFOqm+StkIW1K5w82fEyOvznItwyAigrdkSCh2ZUd0JQ=="
    },
    "fullcalendar-scheduler": {
      "version": "5.5.1",
      "resolved": "https://registry.npmjs.org/fullcalendar-scheduler/-/fullcalendar-scheduler-5.5.1.tgz",
      "integrity": "sha512-G8TOPuRbTyExwOCRGkqVCcWlvOFhfL/3vkzRijtHId48yf9JpomhhTqLNAXqYYBj2w07EGbXk0RpEhzKffeK9Q=="
    }
  }
}
